
Microsoft Visual Studio Solution File, Format Version 12.00
# Visual Studio Version 16
VisualStudioVersion = 16.0.30717.126
MinimumVisualStudioVersion = 10.0.40219.1
Project("{FAE04EC0-301F-11D3-BF4B-00C04F79EFBC}") = "MinhasTarefasApiEliasRibeiro", "MinhasTarefasApiEliasRibeiro.csproj", "{C905FD60-6EAA-43E8-B47E-DADAE04FF3C0}"
EndProject
Global
	GlobalSection(SolutionConfigurationPlatforms) = preSolution
		Debug|Any CPU = Debug|Any CPU
		Release|Any CPU = Release|Any CPU
	EndGlobalSection
	GlobalSection(ProjectConfigurationPlatforms) = postSolution
		{C905FD60-6EAA-43E8-B47E-DADAE04FF3C0}.Debug|Any CPU.ActiveCfg = Debug|Any CPU
		{C905FD60-6EAA-43E8-B47E-DADAE04FF3C0}.Debug|Any CPU.Build.0 = Debug|Any CPU
		{C905FD60-6EAA-43E8-B47E-DADAE04FF3C0}.Release|Any CPU.ActiveCfg = Release|Any CPU
		{C905FD60-6EAA-43E8-B47E-DADAE04FF3C0}.Release|Any CPU.Build.0 = Release|Any CPU
	EndGlobalSection
	GlobalSection(SolutionProperties) = preSolution
		HideSolutionNode = FALSE
	EndGlobalSection
	GlobalSection(ExtensibilityGlobals) = postSolution
		SolutionGuid = {3DD260BE-9A70-42C9-8C00-79AAB40B8C2E}
	EndGlobalSection
EndGlobal
